
Microsoft Visual Studio Solution File, Format Version 12.00
# Visual Studio Version 17
VisualStudioVersion = 17.12.35707.178
MinimumVisualStudioVersion = 10.0.40219.1
Project("{FAE04EC0-301F-11D3-BF4B-00C04F79EFBC}") = "3주차 과제", "3주차 과제\3주차 과제.csproj", "{A83F7C67-E84C-49B5-997A-3EFE7EA29864}"
EndProject
Project("{FAE04EC0-301F-11D3-BF4B-00C04F79EFBC}") = "5주차 실습", "5주차 실습\5주차 실습.csproj", "{F49EA317-84A5-4028-A79A-16F2AFB281AA}"
EndProject
Project("{FAE04EC0-301F-11D3-BF4B-00C04F79EFBC}") = "5_2 과제", "5_2 과제\5_2 과제.csproj", "{D4A78370-59F0-4A8E-9BC9-8FA646A1EEB9}"
EndProject
Project("{FAE04EC0-301F-11D3-BF4B-00C04F79EFBC}") = "6주차 실습", "6주차 실습\6주차 실습.csproj", "{999599C4-8BB0-4B7F-AC96-CAA670293CF7}"
EndProject
Project("{FAE04EC0-301F-11D3-BF4B-00C04F79EFBC}") = "6주차_폼실습", "6주차_폼실습\6주차_폼실습.csproj", "{FA40FAC2-8D8F-4F79-9331-45B6ED46EF24}"
EndProject
Project("{FAE04EC0-301F-11D3-BF4B-00C04F79EFBC}") = "9주차_실습코드", "9주차_실습코드\9주차_실습코드.csproj", "{6BCDFC02-B4A4-4E61-9ABB-47606D60EA1A}"
EndProject
Project("{FAE04EC0-301F-11D3-BF4B-00C04F79EFBC}") = "BookLibrary", "BookLibrary\BookLibrary.csproj", "{D9EE1588-ED48-4997-96E2-90F1CDB5ADE7}"
EndProject
Project("{FAE04EC0-301F-11D3-BF4B-00C04F79EFBC}") = "WindowProgramming_Assignments", "WindowProgramming_Assignments\WindowProgramming_Assignments.csproj", "{3036EC54-BB97-4248-AC62-83790EDD7C01}"
EndProject
Global
	GlobalSection(SolutionConfigurationPlatforms) = preSolution
		Debug|Any CPU = Debug|Any CPU
		Debug|x64 = Debug|x64
		Debug|x86 = Debug|x86
		Release|Any CPU = Release|Any CPU
		Release|x64 = Release|x64
		Release|x86 = Release|x86
	EndGlobalSection
	GlobalSection(ProjectConfigurationPlatforms) = postSolution
		{A83F7C67-E84C-49B5-997A-3EFE7EA29864}.Debug|Any CPU.ActiveCfg = Debug|Any CPU
		{A83F7C67-E84C-49B5-997A-3EFE7EA29864}.Debug|Any CPU.Build.0 = Debug|Any CPU
		{A83F7C67-E84C-49B5-997A-3EFE7EA29864}.Debug|x64.ActiveCfg = Debug|Any CPU
		{A83F7C67-E84C-49B5-997A-3EFE7EA29864}.Debug|x64.Build.0 = Debug|Any CPU
		{A83F7C67-E84C-49B5-997A-3EFE7EA29864}.Debug|x86.ActiveCfg = Debug|Any CPU
		{A83F7C67-E84C-49B5-997A-3EFE7EA29864}.Debug|x86.Build.0 = Debug|Any CPU
		{A83F7C67-E84C-49B5-997A-3EFE7EA29864}.Release|Any CPU.ActiveCfg = Release|Any CPU
		{A83F7C67-E84C-49B5-997A-3EFE7EA29864}.Release|Any CPU.Build.0 = Release|Any CPU
		{A83F7C67-E84C-49B5-997A-3EFE7EA29864}.Release|x64.ActiveCfg = Release|Any CPU
		{A83F7C67-E84C-49B5-997A-3EFE7EA29864}.Release|x64.Build.0 = Release|Any CPU
		{A83F7C67-E84C-49B5-997A-3EFE7EA29864}.Release|x86.ActiveCfg = Release|Any CPU
		{A83F7C67-E84C-49B5-997A-3EFE7EA29864}.Release|x86.Build.0 = Release|Any CPU
		{F49EA317-84A5-4028-A79A-16F2AFB281AA}.Debug|Any CPU.ActiveCfg = Debug|Any CPU
		{F49EA317-84A5-4028-A79A-16F2AFB281AA}.Debug|Any CPU.Build.0 = Debug|Any CPU
		{F49EA317-84A5-4028-A79A-16F2AFB281AA}.Debug|x64.ActiveCfg = Debug|Any CPU
		{F49EA317-84A5-4028-A79A-16F2AFB281AA}.Debug|x64.Build.0 = Debug|Any CPU
		{F49EA317-84A5-4028-A79A-16F2AFB281AA}.Debug|x86.ActiveCfg = Debug|Any CPU
		{F49EA317-84A5-4028-A79A-16F2AFB281AA}.Debug|x86.Build.0 = Debug|Any CPU
		{F49EA317-84A5-4028-A79A-16F2AFB281AA}.Release|Any CPU.ActiveCfg = Release|Any CPU
		{F49EA317-84A5-4028-A79A-16F2AFB281AA}.Release|Any CPU.Build.0 = Release|Any CPU
		{F49EA317-84A5-4028-A79A-16F2AFB281AA}.Release|x64.ActiveCfg = Release|Any CPU
		{F49EA317-84A5-4028-A79A-16F2AFB281AA}.Release|x64.Build.0 = Release|Any CPU
		{F49EA317-84A5-4028-A79A-16F2AFB281AA}.Release|x86.ActiveCfg = Release|Any CPU
		{F49EA317-84A5-4028-A79A-16F2AFB281AA}.Release|x86.Build.0 = Release|Any CPU
		{D4A78370-59F0-4A8E-9BC9-8FA646A1EEB9}.Debug|Any CPU.ActiveCfg = Debug|Any CPU
		{D4A78370-59F0-4A8E-9BC9-8FA646A1EEB9}.Debug|Any CPU.Build.0 = Debug|Any CPU
		{D4A78370-59F0-4A8E-9BC9-8FA646A1EEB9}.Debug|x64.ActiveCfg = Debug|Any CPU
		{D4A78370-59F0-4A8E-9BC9-8FA646A1EEB9}.Debug|x64.Build.0 = Debug|Any CPU
		{D4A78370-59F0-4A8E-9BC9-8FA646A1EEB9}.Debug|x86.ActiveCfg = Debug|Any CPU
		{D4A78370-59F0-4A8E-9BC9-8FA646A1EEB9}.Debug|x86.Build.0 = Debug|Any CPU
		{D4A78370-59F0-4A8E-9BC9-8FA646A1EEB9}.Release|Any CPU.ActiveCfg = Release|Any CPU
		{D4A78370-59F0-4A8E-9BC9-8FA646A1EEB9}.Release|Any CPU.Build.0 = Release|Any CPU
		{D4A78370-59F0-4A8E-9BC9-8FA646A1EEB9}.Release|x64.ActiveCfg = Release|Any CPU
		{D4A78370-59F0-4A8E-9BC9-8FA646A1EEB9}.Release|x64.Build.0 = Release|Any CPU
		{D4A78370-59F0-4A8E-9BC9-8FA646A1EEB9}.Release|x86.ActiveCfg = Release|Any CPU
		{D4A78370-59F0-4A8E-9BC9-8FA646A1EEB9}.Release|x86.Build.0 = Release|Any CPU
		{999599C4-8BB0-4B7F-AC96-CAA670293CF7}.Debug|Any CPU.ActiveCfg = Debug|Any CPU
		{999599C4-8BB0-4B7F-AC96-CAA670293CF7}.Debug|Any CPU.Build.0 = Debug|Any CPU
		{999599C4-8BB0-4B7F-AC96-CAA670293CF7}.Debug|x64.ActiveCfg = Debug|Any CPU
		{999599C4-8BB0-4B7F-AC96-CAA670293CF7}.Debug|x64.Build.0 = Debug|Any CPU
		{999599C4-8BB0-4B7F-AC96-CAA670293CF7}.Debug|x86.ActiveCfg = Debug|Any CPU
		{999599C4-8BB0-4B7F-AC96-CAA670293CF7}.Debug|x86.Build.0 = Debug|Any CPU
		{999599C4-8BB0-4B7F-AC96-CAA670293CF7}.Release|Any CPU.ActiveCfg = Release|Any CPU
		{999599C4-8BB0-4B7F-AC96-CAA670293CF7}.Release|Any CPU.Build.0 = Release|Any CPU
		{999599C4-8BB0-4B7F-AC96-CAA670293CF7}.Release|x64.ActiveCfg = Release|Any CPU
		{999599C4-8BB0-4B7F-AC96-CAA670293CF7}.Release|x64.Build.0 = Release|Any CPU
		{999599C4-8BB0-4B7F-AC96-CAA670293CF7}.Release|x86.ActiveCfg = Release|Any CPU
		{999599C4-8BB0-4B7F-AC96-CAA670293CF7}.Release|x86.Build.0 = Release|Any CPU
		{FA40FAC2-8D8F-4F79-9331-45B6ED46EF24}.Debug|Any CPU.ActiveCfg = Debug|Any CPU
		{FA40FAC2-8D8F-4F79-9331-45B6ED46EF24}.Debug|Any CPU.Build.0 = Debug|Any CPU
		{FA40FAC2-8D8F-4F79-9331-45B6ED46EF24}.Debug|x64.ActiveCfg = Debug|Any CPU
		{FA40FAC2-8D8F-4F79-9331-45B6ED46EF24}.Debug|x64.Build.0 = Debug|Any CPU
		{FA40FAC2-8D8F-4F79-9331-45B6ED46EF24}.Debug|x86.ActiveCfg = Debug|Any CPU
		{FA40FAC2-8D8F-4F79-9331-45B6ED46EF24}.Debug|x86.Build.0 = Debug|Any CPU
		{FA40FAC2-8D8F-4F79-9331-45B6ED46EF24}.Release|Any CPU.ActiveCfg = Release|Any CPU
		{FA40FAC2-8D8F-4F79-9331-45B6ED46EF24}.Release|Any CPU.Build.0 = Release|Any CPU
		{FA40FAC2-8D8F-4F79-9331-45B6ED46EF24}.Release|x64.ActiveCfg = Release|Any CPU
		{FA40FAC2-8D8F-4F79-9331-45B6ED46EF24}.Release|x64.Build.0 = Release|Any CPU
		{FA40FAC2-8D8F-4F79-9331-45B6ED46EF24}.Release|x86.ActiveCfg = Release|Any CPU
		{FA40FAC2-8D8F-4F79-9331-45B6ED46EF24}.Release|x86.Build.0 = Release|Any CPU
		{6BCDFC02-B4A4-4E61-9ABB-47606D60EA1A}.Debug|Any CPU.ActiveCfg = Debug|Any CPU
		{6BCDFC02-B4A4-4E61-9ABB-47606D60EA1A}.Debug|Any CPU.Build.0 = Debug|Any CPU
		{6BCDFC02-B4A4-4E61-9ABB-47606D60EA1A}.Debug|x64.ActiveCfg = Debug|Any CPU
		{6BCDFC02-B4A4-4E61-9ABB-47606D60EA1A}.Debug|x64.Build.0 = Debug|Any CPU
		{6BCDFC02-B4A4-4E61-9ABB-47606D60EA1A}.Debug|x86.ActiveCfg = Debug|Any CPU
		{6BCDFC02-B4A4-4E61-9ABB-47606D60EA1A}.Debug|x86.Build.0 = Debug|Any CPU
		{6BCDFC02-B4A4-4E61-9ABB-47606D60EA1A}.Release|Any CPU.ActiveCfg = Release|Any CPU
		{6BCDFC02-B4A4-4E61-9ABB-47606D60EA1A}.Release|Any CPU.Build.0 = Release|Any CPU
		{6BCDFC02-B4A4-4E61-9ABB-47606D60EA1A}.Release|x64.ActiveCfg = Release|Any CPU
		{6BCDFC02-B4A4-4E61-9ABB-47606D60EA1A}.Release|x64.Build.0 = Release|Any CPU
		{6BCDFC02-B4A4-4E61-9ABB-47606D60EA1A}.Release|x86.ActiveCfg = Release|Any CPU
		{6BCDFC02-B4A4-4E61-9ABB-47606D60EA1A}.Release|x86.Build.0 = Release|Any CPU
		{D9EE1588-ED48-4997-96E2-90F1CDB5ADE7}.Debug|Any CPU.ActiveCfg = Debug|Any CPU
		{D9EE1588-ED48-4997-96E2-90F1CDB5ADE7}.Debug|Any CPU.Build.0 = Debug|Any CPU
		{D9EE1588-ED48-4997-96E2-90F1CDB5ADE7}.Debug|x64.ActiveCfg = Debug|Any CPU
		{D9EE1588-ED48-4997-96E2-90F1CDB5ADE7}.Debug|x64.Build.0 = Debug|Any CPU
		{D9EE1588-ED48-4997-96E2-90F1CDB5ADE7}.Debug|x86.ActiveCfg = Debug|Any CPU
		{D9EE1588-ED48-4997-96E2-90F1CDB5ADE7}.Debug|x86.Build.0 = Debug|Any CPU
		{D9EE1588-ED48-4997-96E2-90F1CDB5ADE7}.Release|Any CPU.ActiveCfg = Release|Any CPU
		{D9EE1588-ED48-4997-96E2-90F1CDB5ADE7}.Release|Any CPU.Build.0 = Release|Any CPU
		{D9EE1588-ED48-4997-96E2-90F1CDB5ADE7}.Release|x64.ActiveCfg = Release|Any CPU
		{D9EE1588-ED48-4997-96E2-90F1CDB5ADE7}.Release|x64.Build.0 = Release|Any CPU
		{D9EE1588-ED48-4997-96E2-90F1CDB5ADE7}.Release|x86.ActiveCfg = Release|Any CPU
		{D9EE1588-ED48-4997-96E2-90F1CDB5ADE7}.Release|x86.Build.0 = Release|Any CPU
		{3036EC54-BB97-4248-AC62-83790EDD7C01}.Debug|Any CPU.ActiveCfg = Debug|Any CPU
		{3036EC54-BB97-4248-AC62-83790EDD7C01}.Debug|Any CPU.Build.0 = Debug|Any CPU
		{3036EC54-BB97-4248-AC62-83790EDD7C01}.Debug|x64.ActiveCfg = Debug|Any CPU
		{3036EC54-BB97-4248-AC62-83790EDD7C01}.Debug|x64.Build.0 = Debug|Any CPU
		{3036EC54-BB97-4248-AC62-83790EDD7C01}.Debug|x86.ActiveCfg = Debug|Any CPU
		{3036EC54-BB97-4248-AC62-83790EDD7C01}.Debug|x86.Build.0 = Debug|Any CPU
		{3036EC54-BB97-4248-AC62-83790EDD7C01}.Release|Any CPU.ActiveCfg = Release|Any CPU
		{3036EC54-BB97-4248-AC62-83790EDD7C01}.Release|Any CPU.Build.0 = Release|Any CPU
		{3036EC54-BB97-4248-AC62-83790EDD7C01}.Release|x64.ActiveCfg = Release|Any CPU
		{3036EC54-BB97-4248-AC62-83790EDD7C01}.Release|x64.Build.0 = Release|Any CPU
		{3036EC54-BB97-4248-AC62-83790EDD7C01}.Release|x86.ActiveCfg = Release|Any CPU
		{3036EC54-BB97-4248-AC62-83790EDD7C01}.Release|x86.Build.0 = Release|Any CPU
	EndGlobalSection
	GlobalSection(SolutionProperties) = preSolution
		HideSolutionNode = FALSE
	EndGlobalSection
EndGlobal
